
Microsoft Visual Studio Solution File, Format Version 12.00
# Visual Studio Version 17
VisualStudioVersion = 17.6.33626.354
MinimumVisualStudioVersion = 10.0.40219.1
Project("{2150E333-8FDC-42A3-9474-1A3956D46DE8}") = "Solution Items", "Solution Items", "{B4F6963B-D473-4408-BCAD-D3989947BEAD}"
EndProject
Project("{9A19103F-16F7-4668-BE54-9A1E7A4F7556}") = "silk.net", "silk.net\silk.net.csproj", "{CDB19C70-0AB8-46B5-81D2-5158288AAD36}"
EndProject
Project("{9A19103F-16F7-4668-BE54-9A1E7A4F7556}") = "Avaloina.PixelColor", "Avaloina.PixelColor\Avaloina.PixelColor.csproj", "{1183AB0F-F653-4480-9997-04CB41EF43CB}"
EndProject
Project("{FAE04EC0-301F-11D3-BF4B-00C04F79EFBC}") = "Common", "Common\Common.csproj", "{9D3BC683-7A8E-4E8B-8E4C-460DC4F601F0}"
EndProject
Global
	GlobalSection(SolutionConfigurationPlatforms) = preSolution
		Debug|Any CPU = Debug|Any CPU
		Release|Any CPU = Release|Any CPU
	EndGlobalSection
	GlobalSection(ProjectConfigurationPlatforms) = postSolution
		{CDB19C70-0AB8-46B5-81D2-5158288AAD36}.Debug|Any CPU.ActiveCfg = Debug|Any CPU
		{CDB19C70-0AB8-46B5-81D2-5158288AAD36}.Debug|Any CPU.Build.0 = Debug|Any CPU
		{CDB19C70-0AB8-46B5-81D2-5158288AAD36}.Release|Any CPU.ActiveCfg = Release|Any CPU
		{CDB19C70-0AB8-46B5-81D2-5158288AAD36}.Release|Any CPU.Build.0 = Release|Any CPU
		{1183AB0F-F653-4480-9997-04CB41EF43CB}.Debug|Any CPU.ActiveCfg = Debug|Any CPU
		{1183AB0F-F653-4480-9997-04CB41EF43CB}.Debug|Any CPU.Build.0 = Debug|Any CPU
		{1183AB0F-F653-4480-9997-04CB41EF43CB}.Release|Any CPU.ActiveCfg = Release|Any CPU
		{1183AB0F-F653-4480-9997-04CB41EF43CB}.Release|Any CPU.Build.0 = Release|Any CPU
		{9D3BC683-7A8E-4E8B-8E4C-460DC4F601F0}.Debug|Any CPU.ActiveCfg = Debug|Any CPU
		{9D3BC683-7A8E-4E8B-8E4C-460DC4F601F0}.Debug|Any CPU.Build.0 = Debug|Any CPU
		{9D3BC683-7A8E-4E8B-8E4C-460DC4F601F0}.Release|Any CPU.ActiveCfg = Release|Any CPU
		{9D3BC683-7A8E-4E8B-8E4C-460DC4F601F0}.Release|Any CPU.Build.0 = Release|Any CPU
	EndGlobalSection
	GlobalSection(SolutionProperties) = preSolution
		HideSolutionNode = FALSE
	EndGlobalSection
	GlobalSection(ExtensibilityGlobals) = postSolution
		SolutionGuid = {BB7422EF-92AC-4518-BF3B-6F358246653E}
	EndGlobalSection
EndGlobal
